
Microsoft Visual Studio Solution File, Format Version 12.00
# Visual Studio Version 16
VisualStudioVersion = 16.0.31005.135
MinimumVisualStudioVersion = 10.0.40219.1
Project("{FAE04EC0-301F-11D3-BF4B-00C04F79EFBC}") = "GeometryTasks", "GeometryTasks\GeometryTasks.csproj", "{B1F277A9-D869-48C7-9B5B-9DCEEDCEBFE3}"
EndProject
Global
	GlobalSection(SolutionConfigurationPlatforms) = preSolution
		Debug|Any CPU = Debug|Any CPU
		Release|Any CPU = Release|Any CPU
	EndGlobalSection
	GlobalSection(ProjectConfigurationPlatforms) = postSolution
		{B1F277A9-D869-48C7-9B5B-9DCEEDCEBFE3}.Debug|Any CPU.ActiveCfg = Debug|Any CPU
		{B1F277A9-D869-48C7-9B5B-9DCEEDCEBFE3}.Debug|Any CPU.Build.0 = Debug|Any CPU
		{B1F277A9-D869-48C7-9B5B-9DCEEDCEBFE3}.Release|Any CPU.ActiveCfg = Release|Any CPU
		{B1F277A9-D869-48C7-9B5B-9DCEEDCEBFE3}.Release|Any CPU.Build.0 = Release|Any CPU
	EndGlobalSection
	GlobalSection(SolutionProperties) = preSolution
		HideSolutionNode = FALSE
	EndGlobalSection
	GlobalSection(ExtensibilityGlobals) = postSolution
		SolutionGuid = {28EFB4F9-EA3A-4162-8B30-AA2D2F92FD0A}
	EndGlobalSection
EndGlobal
